
Microsoft Visual Studio Solution File, Format Version 12.00
# Visual Studio 2013
VisualStudioVersion = 12.0.40629.0
MinimumVisualStudioVersion = 10.0.40219.1
Project("{FAE04EC0-301F-11D3-BF4B-00C04F79EFBC}") = "ConsoleApplication8", "ConsoleApplication8\ConsoleApplication8.csproj", "{05F4B4FE-68BF-4984-A1D5-C180E57FC6DD}"
EndProject
Project("{FAE04EC0-301F-11D3-BF4B-00C04F79EFBC}") = "FireWater.Test.Selenium", "FireWater.Test.Selenium\FireWater.Test.Selenium.csproj", "{88FF0E4F-2772-4D4D-BE17-4A75DDAA7163}"
EndProject
Project("{FAE04EC0-301F-11D3-BF4B-00C04F79EFBC}") = "FireWater.Test", "FireWater.Test\FireWater.Test.csproj", "{A1949625-B561-4EC1-BEB2-AFA6C240483B}"
EndProject
Project("{2150E333-8FDC-42A3-9474-1A3956D46DE8}") = ".nuget", ".nuget", "{C16C07F4-0CB4-4513-95A9-E6144702EF25}"
	ProjectSection(SolutionItems) = preProject
		.nuget\packages.config = .nuget\packages.config
	EndProjectSection
EndProject
Global
	GlobalSection(SolutionConfigurationPlatforms) = preSolution
		Debug|Any CPU = Debug|Any CPU
		Release|Any CPU = Release|Any CPU
	EndGlobalSection
	GlobalSection(ProjectConfigurationPlatforms) = postSolution
		{05F4B4FE-68BF-4984-A1D5-C180E57FC6DD}.Debug|Any CPU.ActiveCfg = Debug|Any CPU
		{05F4B4FE-68BF-4984-A1D5-C180E57FC6DD}.Debug|Any CPU.Build.0 = Debug|Any CPU
		{05F4B4FE-68BF-4984-A1D5-C180E57FC6DD}.Release|Any CPU.ActiveCfg = Release|Any CPU
		{05F4B4FE-68BF-4984-A1D5-C180E57FC6DD}.Release|Any CPU.Build.0 = Release|Any CPU
		{88FF0E4F-2772-4D4D-BE17-4A75DDAA7163}.Debug|Any CPU.ActiveCfg = Debug|Any CPU
		{88FF0E4F-2772-4D4D-BE17-4A75DDAA7163}.Debug|Any CPU.Build.0 = Debug|Any CPU
		{88FF0E4F-2772-4D4D-BE17-4A75DDAA7163}.Release|Any CPU.ActiveCfg = Release|Any CPU
		{88FF0E4F-2772-4D4D-BE17-4A75DDAA7163}.Release|Any CPU.Build.0 = Release|Any CPU
		{A1949625-B561-4EC1-BEB2-AFA6C240483B}.Debug|Any CPU.ActiveCfg = Debug|Any CPU
		{A1949625-B561-4EC1-BEB2-AFA6C240483B}.Debug|Any CPU.Build.0 = Debug|Any CPU
		{A1949625-B561-4EC1-BEB2-AFA6C240483B}.Release|Any CPU.ActiveCfg = Release|Any CPU
		{A1949625-B561-4EC1-BEB2-AFA6C240483B}.Release|Any CPU.Build.0 = Release|Any CPU
	EndGlobalSection
	GlobalSection(SolutionProperties) = preSolution
		HideSolutionNode = FALSE
	EndGlobalSection
EndGlobal
